// !$*UTF8*$!
{
	archiveVersion = 1;
	classes = {
	};
	objectVersion = 46;
	objects = {

/* Begin PBXBuildFile section */
		9B5175C119B94765007E1710 /* AppDelegate.swift in Sources */ = {isa = PBXBuildFile; fileRef = 9B5175C019B94765007E1710 /* AppDelegate.swift */; };
		9B5175C419B94765007E1710 /* Facebook.xcdatamodeld in Sources */ = {isa = PBXBuildFile; fileRef = 9B5175C219B94765007E1710 /* Facebook.xcdatamodeld */; };
		9B5175C619B94765007E1710 /* ViewController.swift in Sources */ = {isa = PBXBuildFile; fileRef = 9B5175C519B94765007E1710 /* ViewController.swift */; };
		9B5175C919B94765007E1710 /* Main.storyboard in Resources */ = {isa = PBXBuildFile; fileRef = 9B5175C719B94765007E1710 /* Main.storyboard */; };
		9B5175CB19B94765007E1710 /* Images.xcassets in Resources */ = {isa = PBXBuildFile; fileRef = 9B5175CA19B94765007E1710 /* Images.xcassets */; };
		9B5175D719B94765007E1710 /* FacebookTests.swift in Sources */ = {isa = PBXBuildFile; fileRef = 9B5175D619B94765007E1710 /* FacebookTests.swift */; };
		9B5175E119B94AC8007E1710 /* HomeViewController.swift in Sources */ = {isa = PBXBuildFile; fileRef = 9B5175E019B94AC8007E1710 /* HomeViewController.swift */; };
		9B5175E319B94AD4007E1710 /* RequestsViewController.swift in Sources */ = {isa = PBXBuildFile; fileRef = 9B5175E219B94AD4007E1710 /* RequestsViewController.swift */; };
		9B5175E519B94ADD007E1710 /* NotificationsViewController.swift in Sources */ = {isa = PBXBuildFile; fileRef = 9B5175E419B94ADD007E1710 /* NotificationsViewController.swift */; };
		9B5175E719B94AE5007E1710 /* MessagesViewController.swift in Sources */ = {isa = PBXBuildFile; fileRef = 9B5175E619B94AE5007E1710 /* MessagesViewController.swift */; };
		9B5175E919B94AEC007E1710 /* MoreViewController.swift in Sources */ = {isa = PBXBuildFile; fileRef = 9B5175E819B94AEC007E1710 /* MoreViewController.swift */; };
		9B95727119BE58B00094A71B /* StatusViewController.swift in Sources */ = {isa = PBXBuildFile; fileRef = 9B95727019BE58B00094A71B /* StatusViewController.swift */; };
		9B95727319BE58CF0094A71B /* PhotoViewController.swift in Sources */ = {isa = PBXBuildFile; fileRef = 9B95727219BE58CF0094A71B /* PhotoViewController.swift */; };
		9B95727519BE58E70094A71B /* CheckInViewController.swift in Sources */ = {isa = PBXBuildFile; fileRef = 9B95727419BE58E70094A71B /* CheckInViewController.swift */; };
		9B95727719BE5B880094A71B /* ThrillViewController.swift in Sources */ = {isa = PBXBuildFile; fileRef = 9B95727619BE5B880094A71B /* ThrillViewController.swift */; };
/* End PBXBuildFile section */

/* Begin PBXContainerItemProxy section */
		9B5175D119B94765007E1710 /* PBXContainerItemProxy */ = {
			isa = PBXContainerItemProxy;
			containerPortal = 9B5175B319B94765007E1710 /* Project object */;
			proxyType = 1;
			remoteGlobalIDString = 9B5175BA19B94765007E1710;
			remoteInfo = Facebook;
		};
/* End PBXContainerItemProxy section */

/* Begin PBXFileReference section */
		9B5175BB19B94765007E1710 /* Facebook.app */ = {isa = PBXFileReference; explicitFileType = wrapper.application; includeInIndex = 0; path = Facebook.app; sourceTree = BUILT_PRODUCTS_DIR; };
		9B5175BF19B94765007E1710 /* Info.plist */ = {isa = PBXFileReference; lastKnownFileType = text.plist.xml; path = Info.plist; sourceTree = "<group>"; };
		9B5175C019B94765007E1710 /* AppDelegate.swift */ = {isa = PBXFileReference; lastKnownFileType = sourcecode.swift; path = AppDelegate.swift; sourceTree = "<group>"; };
		9B5175C319B94765007E1710 /* Facebook.xcdatamodel */ = {isa = PBXFileReference; lastKnownFileType = wrapper.xcdatamodel; path = Facebook.xcdatamodel; sourceTree = "<group>"; };
		9B5175C519B94765007E1710 /* ViewController.swift */ = {isa = PBXFileReference; lastKnownFileType = sourcecode.swift; path = ViewController.swift; sourceTree = "<group>"; };
		9B5175C819B94765007E1710 /* Base */ = {isa = PBXFileReference; lastKnownFileType = file.storyboard; name = Base; path = Base.lproj/Main.storyboard; sourceTree = "<group>"; };
		9B5175CA19B94765007E1710 /* Images.xcassets */ = {isa = PBXFileReference; lastKnownFileType = folder.assetcatalog; path = Images.xcassets; sourceTree = "<group>"; };
		9B5175D019B94765007E1710 /* FacebookTests.xctest */ = {isa = PBXFileReference; explicitFileType = wrapper.cfbundle; includeInIndex = 0; path = FacebookTests.xctest; sourceTree = BUILT_PRODUCTS_DIR; };
		9B5175D519B94765007E1710 /* Info.plist */ = {isa = PBXFileReference; lastKnownFileType = text.plist.xml; path = Info.plist; sourceTree = "<group>"; };
		9B5175D619B94765007E1710 /* FacebookTests.swift */ = {isa = PBXFileReference; lastKnownFileType = sourcecode.swift; path = FacebookTests.swift; sourceTree = "<group>"; };
		9B5175E019B94AC8007E1710 /* HomeViewController.swift */ = {isa = PBXFileReference; fileEncoding = 4; lastKnownFileType = sourcecode.swift; path = HomeViewController.swift; sourceTree = "<group>"; };
		9B5175E219B94AD4007E1710 /* RequestsViewController.swift */ = {isa = PBXFileReference; fileEncoding = 4; lastKnownFileType = sourcecode.swift; path = RequestsViewController.swift; sourceTree = "<group>"; };
		9B5175E419B94ADD007E1710 /* NotificationsViewController.swift */ = {isa = PBXFileReference; fileEncoding = 4; lastKnownFileType = sourcecode.swift; path = NotificationsViewController.swift; sourceTree = "<group>"; };
		9B5175E619B94AE5007E1710 /* MessagesViewController.swift */ = {isa = PBXFileReference; fileEncoding = 4; lastKnownFileType = sourcecode.swift; path = MessagesViewController.swift; sourceTree = "<group>"; };
		9B5175E819B94AEC007E1710 /* MoreViewController.swift */ = {isa = PBXFileReference; fileEncoding = 4; lastKnownFileType = sourcecode.swift; path = MoreViewController.swift; sourceTree = "<group>"; };
		9B95727019BE58B00094A71B /* StatusViewController.swift */ = {isa = PBXFileReference; fileEncoding = 4; lastKnownFileType = sourcecode.swift; path = StatusViewController.swift; sourceTree = "<group>"; };
		9B95727219BE58CF0094A71B /* PhotoViewController.swift */ = {isa = PBXFileReference; fileEncoding = 4; lastKnownFileType = sourcecode.swift; path = PhotoViewController.swift; sourceTree = "<group>"; };
		9B95727419BE58E70094A71B /* CheckInViewController.swift */ = {isa = PBXFileReference; fileEncoding = 4; lastKnownFileType = sourcecode.swift; path = CheckInViewController.swift; sourceTree = "<group>"; };
		9B95727619BE5B880094A71B /* ThrillViewController.swift */ = {isa = PBXFileReference; fileEncoding = 4; lastKnownFileType = sourcecode.swift; path = ThrillViewController.swift; sourceTree = "<group>"; };
/* End PBXFileReference section */

/* Begin PBXFrameworksBuildPhase section */
		9B5175B819B94765007E1710 /* Frameworks */ = {
			isa = PBXFrameworksBuildPhase;
			buildActionMask = 2147483647;
			files = (
			);
			runOnlyForDeploymentPostprocessing = 0;
		};
		9B5175CD19B94765007E1710 /* Frameworks */ = {
			isa = PBXFrameworksBuildPhase;
			buildActionMask = 2147483647;
			files = (
			);
			runOnlyForDeploymentPostprocessing = 0;
		};
/* End PBXFrameworksBuildPhase section */

/* Begin PBXGroup section */
		9B5175B219B94765007E1710 = {
			isa = PBXGroup;
			children = (
				9B5175BD19B94765007E1710 /* Facebook */,
				9B5175D319B94765007E1710 /* FacebookTests */,
				9B5175BC19B94765007E1710 /* Products */,
			);
			sourceTree = "<group>";
		};
		9B5175BC19B94765007E1710 /* Products */ = {
			isa = PBXGroup;
			children = (
				9B5175BB19B94765007E1710 /* Facebook.app */,
				9B5175D019B94765007E1710 /* FacebookTests.xctest */,
			);
			name = Products;
			sourceTree = "<group>";
		};
		9B5175BD19B94765007E1710 /* Facebook */ = {
			isa = PBXGroup;
			children = (
				9B5175C019B94765007E1710 /* AppDelegate.swift */,
				9B5175C519B94765007E1710 /* ViewController.swift */,
				9B5175C719B94765007E1710 /* Main.storyboard */,
				9B95727019BE58B00094A71B /* StatusViewController.swift */,
				9B95727619BE5B880094A71B /* ThrillViewController.swift */,
				9B95727219BE58CF0094A71B /* PhotoViewController.swift */,
				9B95727419BE58E70094A71B /* CheckInViewController.swift */,
				9B5175CA19B94765007E1710 /* Images.xcassets */,
				9B5175C219B94765007E1710 /* Facebook.xcdatamodeld */,
				9B5175BE19B94765007E1710 /* Supporting Files */,
				9B5175E019B94AC8007E1710 /* HomeViewController.swift */,
				9B5175E219B94AD4007E1710 /* RequestsViewController.swift */,
				9B5175E419B94ADD007E1710 /* NotificationsViewController.swift */,
				9B5175E619B94AE5007E1710 /* MessagesViewController.swift */,
				9B5175E819B94AEC007E1710 /* MoreViewController.swift */,
			);
			path = Facebook;
			sourceTree = "<group>";
		};
		9B5175BE19B94765007E1710 /* Supporting Files */ = {
			isa = PBXGroup;
			children = (
				9B5175BF19B94765007E1710 /* Info.plist */,
			);
			name = "Supporting Files";
			sourceTree = "<group>";
		};
		9B5175D319B94765007E1710 /* FacebookTests */ = {
			isa = PBXGroup;
			children = (
				9B5175D619B94765007E1710 /* FacebookTests.swift */,
				9B5175D419B94765007E1710 /* Supporting Files */,
			);
			path = FacebookTests;
			sourceTree = "<group>";
		};
		9B5175D419B94765007E1710 /* Supporting Files */ = {
			isa = PBXGroup;
			children = (
				9B5175D519B94765007E1710 /* Info.plist */,
			);
			name = "Supporting Files";
			sourceTree = "<group>";
		};
/* End PBXGroup section */

/* Begin PBXNativeTarget section */
		9B5175BA19B94765007E1710 /* Facebook */ = {
			isa = PBXNativeTarget;
			buildConfigurationList = 9B5175DA19B94765007E1710 /* Build configuration list for PBXNativeTarget "Facebook" */;
			buildPhases = (
				9B5175B719B94765007E1710 /* Sources */,
				9B5175B819B94765007E1710 /* Frameworks */,
				9B5175B919B94765007E1710 /* Resources */,
			);
			buildRules = (
			);
			dependencies = (
			);
			name = Facebook;
			productName = Facebook;
			productReference = 9B5175BB19B94765007E1710 /* Facebook.app */;
			productType = "com.apple.product-type.application";
		};
		9B5175CF19B94765007E1710 /* FacebookTests */ = {
			isa = PBXNativeTarget;
			buildConfigurationList = 9B5175DD19B94765007E1710 /* Build configuration list for PBXNativeTarget "FacebookTests" */;
			buildPhases = (
				9B5175CC19B94765007E1710 /* Sources */,
				9B5175CD19B94765007E1710 /* Frameworks */,
				9B5175CE19B94765007E1710 /* Resources */,
			);
			buildRules = (
			);
			dependencies = (
				9B5175D219B94765007E1710 /* PBXTargetDependency */,
			);
			name = FacebookTests;
			productName = FacebookTests;
			productReference = 9B5175D019B94765007E1710 /* FacebookTests.xctest */;
			productType = "com.apple.product-type.bundle.unit-test";
		};
/* End PBXNativeTarget section */

/* Begin PBXProject section */
		9B5175B319B94765007E1710 /* Project object */ = {
			isa = PBXProject;
			attributes = {
				LastUpgradeCheck = 0600;
				ORGANIZATIONNAME = "Jessica Strelioff";
				TargetAttributes = {
					9B5175BA19B94765007E1710 = {
						CreatedOnToolsVersion = 6.0;
					};
					9B5175CF19B94765007E1710 = {
						CreatedOnToolsVersion = 6.0;
						TestTargetID = 9B5175BA19B94765007E1710;
					};
				};
			};
			buildConfigurationList = 9B5175B619B94765007E1710 /* Build configuration list for PBXProject "Facebook" */;
			compatibilityVersion = "Xcode 3.2";
			developmentRegion = English;
			hasScannedForEncodings = 0;
			knownRegions = (
				en,
				Base,
			);
			mainGroup = 9B5175B219B94765007E1710;
			productRefGroup = 9B5175BC19B94765007E1710 /* Products */;
			projectDirPath = "";
			projectRoot = "";
			targets = (
				9B5175BA19B94765007E1710 /* Facebook */,
				9B5175CF19B94765007E1710 /* FacebookTests */,
			);
		};
/* End PBXProject section */

/* Begin PBXResourcesBuildPhase section */
		9B5175B919B94765007E1710 /* Resources */ = {
			isa = PBXResourcesBuildPhase;
			buildActionMask = 2147483647;
			files = (
				9B5175C919B94765007E1710 /* Main.storyboard in Resources */,
				9B5175CB19B94765007E1710 /* Images.xcassets in Resources */,
			);
			runOnlyForDeploymentPostprocessing = 0;
		};
		9B5175CE19B94765007E1710 /* Resources */ = {
			isa = PBXResourcesBuildPhase;
			buildActionMask = 2147483647;
			files = (
			);
			runOnlyForDeploymentPostprocessing = 0;
		};
/* End PBXResourcesBuildPhase section */

/* Begin PBXSourcesBuildPhase section */
		9B5175B719B94765007E1710 /* Sources */ = {
			isa = PBXSourcesBuildPhase;
			buildActionMask = 2147483647;
			files = (
				9B5175E319B94AD4007E1710 /* RequestsViewController.swift in Sources */,
				9B5175E719B94AE5007E1710 /* MessagesViewController.swift in Sources */,
				9B5175C619B94765007E1710 /* ViewController.swift in Sources */,
				9B95727719BE5B880094A71B /* ThrillViewController.swift in Sources */,
				9B5175C119B94765007E1710 /* AppDelegate.swift in Sources */,
				9B5175E519B94ADD007E1710 /* NotificationsViewController.swift in Sources */,
				9B5175E919B94AEC007E1710 /* MoreViewController.swift in Sources */,
				9B5175C419B94765007E1710 /* Facebook.xcdatamodeld in Sources */,
				9B95727119BE58B00094A71B /* StatusViewController.swift in Sources */,
				9B5175E119B94AC8007E1710 /* HomeViewController.swift in Sources */,
				9B95727519BE58E70094A71B /* CheckInViewController.swift in Sources */,
				9B95727319BE58CF0094A71B /* PhotoViewController.swift in Sources */,
			);
			runOnlyForDeploymentPostprocessing = 0;
		};
		9B5175CC19B94765007E1710 /* Sources */ = {
			isa = PBXSourcesBuildPhase;
			buildActionMask = 2147483647;
			files = (
				9B5175D719B94765007E1710 /* FacebookTests.swift in Sources */,
			);
			runOnlyForDeploymentPostprocessing = 0;
		};
/* End PBXSourcesBuildPhase section */

/* Begin PBXTargetDependency section */
		9B5175D219B94765007E1710 /* PBXTargetDependency */ = {
			isa = PBXTargetDependency;
			target = 9B5175BA19B94765007E1710 /* Facebook */;
			targetProxy = 9B5175D119B94765007E1710 /* PBXContainerItemProxy */;
		};
/* End PBXTargetDependency section */

/* Begin PBXVariantGroup section */
		9B5175C719B94765007E1710 /* Main.storyboard */ = {
			isa = PBXVariantGroup;
			children = (
				9B5175C819B94765007E1710 /* Base */,
			);
			name = Main.storyboard;
			sourceTree = "<group>";
		};
/* End PBXVariantGroup section */

/* Begin XCBuildConfiguration section */
		9B5175D819B94765007E1710 /* Debug */ = {
			isa = XCBuildConfiguration;
			buildSettings = {
				ALWAYS_SEARCH_USER_PATHS = NO;
				CLANG_CXX_LANGUAGE_STANDARD = "gnu++0x";
				CLANG_CXX_LIBRARY = "libc++";
				CLANG_ENABLE_MODULES = YES;
				CLANG_ENABLE_OBJC_ARC = YES;
				CLANG_WARN_BOOL_CONVERSION = YES;
				CLANG_WARN_CONSTANT_CONVERSION = YES;
				CLANG_WARN_DIRECT_OBJC_ISA_USAGE = YES_ERROR;
				CLANG_WARN_EMPTY_BODY = YES;
				CLANG_WARN_ENUM_CONVERSION = YES;
				CLANG_WARN_INT_CONVERSION = YES;
				CLANG_WARN_OBJC_ROOT_CLASS = YES_ERROR;
				CLANG_WARN_UNREACHABLE_CODE = YES;
				CLANG_WARN__DUPLICATE_METHOD_MATCH = YES;
				"CODE_SIGN_IDENTITY[sdk=iphoneos*]" = "iPhone Developer";
				COPY_PHASE_STRIP = NO;
				ENABLE_STRICT_OBJC_MSGSEND = YES;
				GCC_C_LANGUAGE_STANDARD = gnu99;
				GCC_DYNAMIC_NO_PIC = NO;
				GCC_OPTIMIZATION_LEVEL = 0;
				GCC_PREPROCESSOR_DEFINITIONS = (
					"DEBUG=1",
					"$(inherited)",
				);
				GCC_SYMBOLS_PRIVATE_EXTERN = NO;
				GCC_WARN_64_TO_32_BIT_CONVERSION = YES;
				GCC_WARN_ABOUT_RETURN_TYPE = YES_ERROR;
				GCC_WARN_UNDECLARED_SELECTOR = YES;
				GCC_WARN_UNINITIALIZED_AUTOS = YES_AGGRESSIVE;
				GCC_WARN_UNUSED_FUNCTION = YES;
				GCC_WARN_UNUSED_VARIABLE = YES;
				IPHONEOS_DEPLOYMENT_TARGET = 8.0;
				MTL_ENABLE_DEBUG_INFO = YES;
				ONLY_ACTIVE_ARCH = YES;
				SDKROOT = iphoneos;
				SWIFT_OPTIMIZATION_LEVEL = "-Onone";
			};
			name = Debug;
		};
		9B5175D919B94765007E1710 /* Release */ = {
			isa = XCBuildConfiguration;
			buildSettings = {
				ALWAYS_SEARCH_USER_PATHS = NO;
				CLANG_CXX_LANGUAGE_STANDARD = "gnu++0x";
				CLANG_CXX_LIBRARY = "libc++";
				CLANG_ENABLE_MODULES = YES;
				CLANG_ENABLE_OBJC_ARC = YES;
				CLANG_WARN_BOOL_CONVERSION = YES;
				CLANG_WARN_CONSTANT_CONVERSION = YES;
				CLANG_WARN_DIRECT_OBJC_ISA_USAGE = YES_ERROR;
				CLANG_WARN_EMPTY_BODY = YES;
				CLANG_WARN_ENUM_CONVERSION = YES;
				CLANG_WARN_INT_CONVERSION = YES;
				CLANG_WARN_OBJC_ROOT_CLASS = YES_ERROR;
				CLANG_WARN_UNREACHABLE_CODE = YES;
				CLANG_WARN__DUPLICATE_METHOD_MATCH = YES;
				"CODE_SIGN_IDENTITY[sdk=iphoneos*]" = "iPhone Developer";
				COPY_PHASE_STRIP = YES;
				ENABLE_NS_ASSERTIONS = NO;
				ENABLE_STRICT_OBJC_MSGSEND = YES;
				GCC_C_LANGUAGE_STANDARD = gnu99;
				GCC_WARN_64_TO_32_BIT_CONVERSION = YES;
				GCC_WARN_ABOUT_RETURN_TYPE = YES_ERROR;
				GCC_WARN_UNDECLARED_SELECTOR = YES;
				GCC_WARN_UNINITIALIZED_AUTOS = YES_AGGRESSIVE;
				GCC_WARN_UNUSED_FUNCTION = YES;
				GCC_WARN_UNUSED_VARIABLE = YES;
				IPHONEOS_DEPLOYMENT_TARGET = 8.0;
				MTL_ENABLE_DEBUG_INFO = NO;
				SDKROOT = iphoneos;
				VALIDATE_PRODUCT = YES;
			};
			name = Release;
		};
		9B5175DB19B94765007E1710 /* Debug */ = {
			isa = XCBuildConfiguration;
			buildSettings = {
				ASSETCATALOG_COMPILER_APPICON_NAME = AppIcon;
				ASSETCATALOG_COMPILER_LAUNCHIMAGE_NAME = LaunchImage;
				INFOPLIST_FILE = Facebook/Info.plist;
				LD_RUNPATH_SEARCH_PATHS = "$(inherited) @executable_path/Frameworks";
				PRODUCT_NAME = "$(TARGET_NAME)";
			};
			name = Debug;
		};
		9B5175DC19B94765007E1710 /* Release */ = {
			isa = XCBuildConfiguration;
			buildSettings = {
				ASSETCATALOG_COMPILER_APPICON_NAME = AppIcon;
				ASSETCATALOG_COMPILER_LAUNCHIMAGE_NAME = LaunchImage;
				INFOPLIST_FILE = Facebook/Info.plist;
				LD_RUNPATH_SEARCH_PATHS = "$(inherited) @executable_path/Frameworks";
				PRODUCT_NAME = "$(TARGET_NAME)";
			};
			name = Release;
		};
		9B5175DE19B94765007E1710 /* Debug */ = {
			isa = XCBuildConfiguration;
			buildSettings = {
				BUNDLE_LOADER = "$(TEST_HOST)";
				FRAMEWORK_SEARCH_PATHS = (
					"$(SDKROOT)/Developer/Library/Frameworks",
					"$(inherited)",
				);
				GCC_PREPROCESSOR_DEFINITIONS = (
					"DEBUG=1",
					"$(inherited)",
				);
				INFOPLIST_FILE = FacebookTests/Info.plist;
				LD_RUNPATH_SEARCH_PATHS = "$(inherited) @executable_path/Frameworks @loader_path/Frameworks";
				PRODUCT_NAME = "$(TARGET_NAME)";
				TEST_HOST = "$(BUILT_PRODUCTS_DIR)/Facebook.app/Facebook";
			};
			name = Debug;
		};
		9B5175DF19B94765007E1710 /* Release */ = {
			isa = XCBuildConfiguration;
			buildSettings = {
				BUNDLE_LOADER = "$(TEST_HOST)";
				FRAMEWORK_SEARCH_PATHS = (
					"$(SDKROOT)/Developer/Library/Frameworks",
					"$(inherited)",
				);
				INFOPLIST_FILE = FacebookTests/Info.plist;
				LD_RUNPATH_SEARCH_PATHS = "$(inherited) @executable_path/Frameworks @loader_path/Frameworks";
				PRODUCT_NAME = "$(TARGET_NAME)";
				TEST_HOST = "$(BUILT_PRODUCTS_DIR)/Facebook.app/Facebook";
			};
			name = Release;
		};
/* End XCBuildConfiguration section */

/* Begin XCConfigurationList section */
		9B5175B619B94765007E1710 /* Build configuration list for PBXProject "Facebook" */ = {
			isa = XCConfigurationList;
			buildConfigurations = (
				9B5175D819B94765007E1710 /* Debug */,
				9B5175D919B94765007E1710 /* Release */,
			);
			defaultConfigurationIsVisible = 0;
			defaultConfigurationName = Release;
		};
		9B5175DA19B94765007E1710 /* Build configuration list for PBXNativeTarget "Facebook" */ = {
			isa = XCConfigurationList;
			buildConfigurations = (
				9B5175DB19B94765007E1710 /* Debug */,
				9B5175DC19B94765007E1710 /* Release */,
			);
			defaultConfigurationIsVisible = 0;
			defaultConfigurationName = Release;
		};
		9B5175DD19B94765007E1710 /* Build configuration list for PBXNativeTarget "FacebookTests" */ = {
			isa = XCConfigurationList;
			buildConfigurations = (
				9B5175DE19B94765007E1710 /* Debug */,
				9B5175DF19B94765007E1710 /* Release */,
			);
			defaultConfigurationIsVisible = 0;
			defaultConfigurationName = Release;
		};
/* End XCConfigurationList section */

/* Begin XCVersionGroup section */
		9B5175C219B94765007E1710 /* Facebook.xcdatamodeld */ = {
			isa = XCVersionGroup;
			children = (
				9B5175C319B94765007E1710 /* Facebook.xcdatamodel */,
			);
			currentVersion = 9B5175C319B94765007E1710 /* Facebook.xcdatamodel */;
			path = Facebook.xcdatamodeld;
			sourceTree = "<group>";
			versionGroupType = wrapper.xcdatamodel;
		};
/* End XCVersionGroup section */
	};
	rootObject = 9B5175B319B94765007E1710 /* Project object */;
}
